// !$*UTF8*$!
{
	archiveVersion = 1;
	classes = {
	};
	objectVersion = 55;
	objects = {

/* Begin PBXBuildFile section */
		AF4159C127DF994A00E17E9C /* PostViewController+extension.swift in Sources */ = {isa = PBXBuildFile; fileRef = AF4159C027DF994A00E17E9C /* PostViewController+extension.swift */; };
		AF4159D327E2276100E17E9C /* DetailPostTableViewCell.swift in Sources */ = {isa = PBXBuildFile; fileRef = AF4159D127E2276100E17E9C /* DetailPostTableViewCell.swift */; };
		AF4159D427E2276100E17E9C /* DetailPostTableViewCell.xib in Resources */ = {isa = PBXBuildFile; fileRef = AF4159D227E2276100E17E9C /* DetailPostTableViewCell.xib */; };
		AF4159D727E2280B00E17E9C /* ImagePostTableViewCell.swift in Sources */ = {isa = PBXBuildFile; fileRef = AF4159D527E2280B00E17E9C /* ImagePostTableViewCell.swift */; };
		AF4159D827E2280B00E17E9C /* ImagePostTableViewCell.xib in Resources */ = {isa = PBXBuildFile; fileRef = AF4159D627E2280B00E17E9C /* ImagePostTableViewCell.xib */; };
		AF4159DA27E23A9900E17E9C /* Почему не загружаются фотки(посмотрите).pages in Resources */ = {isa = PBXBuildFile; fileRef = AF4159D927E23A9900E17E9C /* Почему не загружаются фотки(посмотрите).pages */; };
		AF4159DE27E2969F00E17E9C /* TitleTableViewCell.swift in Sources */ = {isa = PBXBuildFile; fileRef = AF4159DC27E2969F00E17E9C /* TitleTableViewCell.swift */; };
		AF4159DF27E2969F00E17E9C /* TitleTableViewCell.xib in Resources */ = {isa = PBXBuildFile; fileRef = AF4159DD27E2969F00E17E9C /* TitleTableViewCell.xib */; };
		AFC61D2F27DE13E0001D6F1E /* AppDelegate.swift in Sources */ = {isa = PBXBuildFile; fileRef = AFC61D2E27DE13E0001D6F1E /* AppDelegate.swift */; };
		AFC61D3127DE13E0001D6F1E /* SceneDelegate.swift in Sources */ = {isa = PBXBuildFile; fileRef = AFC61D3027DE13E0001D6F1E /* SceneDelegate.swift */; };
		AFC61D3327DE13E0001D6F1E /* ViewController.swift in Sources */ = {isa = PBXBuildFile; fileRef = AFC61D3227DE13E0001D6F1E /* ViewController.swift */; };
		AFC61D3627DE13E0001D6F1E /* Main.storyboard in Resources */ = {isa = PBXBuildFile; fileRef = AFC61D3427DE13E0001D6F1E /* Main.storyboard */; };
		AFC61D3927DE13E0001D6F1E /* testProject.xcdatamodeld in Sources */ = {isa = PBXBuildFile; fileRef = AFC61D3727DE13E0001D6F1E /* testProject.xcdatamodeld */; };
		AFC61D3B27DE13E2001D6F1E /* Assets.xcassets in Resources */ = {isa = PBXBuildFile; fileRef = AFC61D3A27DE13E2001D6F1E /* Assets.xcassets */; };
		AFC61D3E27DE13E2001D6F1E /* LaunchScreen.storyboard in Resources */ = {isa = PBXBuildFile; fileRef = AFC61D3C27DE13E2001D6F1E /* LaunchScreen.storyboard */; };
		AFC61D4927DE13E2001D6F1E /* testProjectTests.swift in Sources */ = {isa = PBXBuildFile; fileRef = AFC61D4827DE13E2001D6F1E /* testProjectTests.swift */; };
		AFC61D5327DE13E2001D6F1E /* testProjectUITests.swift in Sources */ = {isa = PBXBuildFile; fileRef = AFC61D5227DE13E2001D6F1E /* testProjectUITests.swift */; };
		AFC61D5527DE13E2001D6F1E /* testProjectUITestsLaunchTests.swift in Sources */ = {isa = PBXBuildFile; fileRef = AFC61D5427DE13E2001D6F1E /* testProjectUITestsLaunchTests.swift */; };
		AFC61D6827DE1471001D6F1E /* Content.swift in Sources */ = {isa = PBXBuildFile; fileRef = AFC61D6427DE1471001D6F1E /* Content.swift */; };
		AFC61D6927DE1471001D6F1E /* Network.swift in Sources */ = {isa = PBXBuildFile; fileRef = AFC61D6527DE1471001D6F1E /* Network.swift */; };
		AFC61D6A27DE1471001D6F1E /* RequestDataModel.swift in Sources */ = {isa = PBXBuildFile; fileRef = AFC61D6627DE1471001D6F1E /* RequestDataModel.swift */; };
		AFC61D6B27DE1471001D6F1E /* DataSourse.swift in Sources */ = {isa = PBXBuildFile; fileRef = AFC61D6727DE1471001D6F1E /* DataSourse.swift */; };
		AFC61D7027DE14F9001D6F1E /* PostTableViewCell.swift in Sources */ = {isa = PBXBuildFile; fileRef = AFC61D6E27DE14F9001D6F1E /* PostTableViewCell.swift */; };
		AFC61D7127DE14F9001D6F1E /* PostTableViewCell.xib in Resources */ = {isa = PBXBuildFile; fileRef = AFC61D6F27DE14F9001D6F1E /* PostTableViewCell.xib */; };
		AFC61D7327DE157C001D6F1E /* PostViewController.swift in Sources */ = {isa = PBXBuildFile; fileRef = AFC61D7227DE157C001D6F1E /* PostViewController.swift */; };
		AFC61D7527DE24FB001D6F1E /* ViewController+Extension.swift in Sources */ = {isa = PBXBuildFile; fileRef = AFC61D7427DE24FB001D6F1E /* ViewController+Extension.swift */; };
		AFC61D7727DE268A001D6F1E /* Globals.swift in Sources */ = {isa = PBXBuildFile; fileRef = AFC61D7627DE268A001D6F1E /* Globals.swift */; };
		AFC61D7B27DE757D001D6F1E /* ImageTableViewCell.xib in Resources */ = {isa = PBXBuildFile; fileRef = AFC61D7927DE757D001D6F1E /* ImageTableViewCell.xib */; };
		AFC61D7D27DF1F76001D6F1E /* extension.swift in Sources */ = {isa = PBXBuildFile; fileRef = AFC61D7C27DF1F76001D6F1E /* extension.swift */; };
		AFC61D7F27DF25EF001D6F1E /* SelectSortViewController.swift in Sources */ = {isa = PBXBuildFile; fileRef = AFC61D7E27DF25EF001D6F1E /* SelectSortViewController.swift */; };
/* End PBXBuildFile section */

/* Begin PBXContainerItemProxy section */
		AFC61D4527DE13E2001D6F1E /* PBXContainerItemProxy */ = {
			isa = PBXContainerItemProxy;
			containerPortal = AFC61D2327DE13E0001D6F1E /* Project object */;
			proxyType = 1;
			remoteGlobalIDString = AFC61D2A27DE13E0001D6F1E;
			remoteInfo = testProject;
		};
		AFC61D4F27DE13E2001D6F1E /* PBXContainerItemProxy */ = {
			isa = PBXContainerItemProxy;
			containerPortal = AFC61D2327DE13E0001D6F1E /* Project object */;
			proxyType = 1;
			remoteGlobalIDString = AFC61D2A27DE13E0001D6F1E;
			remoteInfo = testProject;
		};
/* End PBXContainerItemProxy section */

/* Begin PBXFileReference section */
		AF4159C027DF994A00E17E9C /* PostViewController+extension.swift */ = {isa = PBXFileReference; lastKnownFileType = sourcecode.swift; path = "PostViewController+extension.swift"; sourceTree = "<group>"; };
		AF4159D127E2276100E17E9C /* DetailPostTableViewCell.swift */ = {isa = PBXFileReference; lastKnownFileType = sourcecode.swift; path = DetailPostTableViewCell.swift; sourceTree = "<group>"; };
		AF4159D227E2276100E17E9C /* DetailPostTableViewCell.xib */ = {isa = PBXFileReference; lastKnownFileType = file.xib; path = DetailPostTableViewCell.xib; sourceTree = "<group>"; };
		AF4159D527E2280B00E17E9C /* ImagePostTableViewCell.swift */ = {isa = PBXFileReference; lastKnownFileType = sourcecode.swift; path = ImagePostTableViewCell.swift; sourceTree = "<group>"; };
		AF4159D627E2280B00E17E9C /* ImagePostTableViewCell.xib */ = {isa = PBXFileReference; lastKnownFileType = file.xib; path = ImagePostTableViewCell.xib; sourceTree = "<group>"; };
		AF4159D927E23A9900E17E9C /* Почему не загружаются фотки(посмотрите).pages */ = {isa = PBXFileReference; lastKnownFileType = file; path = "Почему не загружаются фотки(посмотрите).pages"; sourceTree = "<group>"; };
		AF4159DC27E2969F00E17E9C /* TitleTableViewCell.swift */ = {isa = PBXFileReference; lastKnownFileType = sourcecode.swift; path = TitleTableViewCell.swift; sourceTree = "<group>"; };
		AF4159DD27E2969F00E17E9C /* TitleTableViewCell.xib */ = {isa = PBXFileReference; lastKnownFileType = file.xib; path = TitleTableViewCell.xib; sourceTree = "<group>"; };
		AFC61D2B27DE13E0001D6F1E /* testProject.app */ = {isa = PBXFileReference; explicitFileType = wrapper.application; includeInIndex = 0; path = testProject.app; sourceTree = BUILT_PRODUCTS_DIR; };
		AFC61D2E27DE13E0001D6F1E /* AppDelegate.swift */ = {isa = PBXFileReference; lastKnownFileType = sourcecode.swift; path = AppDelegate.swift; sourceTree = "<group>"; };
		AFC61D3027DE13E0001D6F1E /* SceneDelegate.swift */ = {isa = PBXFileReference; lastKnownFileType = sourcecode.swift; path = SceneDelegate.swift; sourceTree = "<group>"; };
		AFC61D3227DE13E0001D6F1E /* ViewController.swift */ = {isa = PBXFileReference; lastKnownFileType = sourcecode.swift; path = ViewController.swift; sourceTree = "<group>"; };
		AFC61D3527DE13E0001D6F1E /* Base */ = {isa = PBXFileReference; lastKnownFileType = file.storyboard; name = Base; path = Base.lproj/Main.storyboard; sourceTree = "<group>"; };
		AFC61D3827DE13E0001D6F1E /* testProject.xcdatamodel */ = {isa = PBXFileReference; lastKnownFileType = wrapper.xcdatamodel; path = testProject.xcdatamodel; sourceTree = "<group>"; };
		AFC61D3A27DE13E2001D6F1E /* Assets.xcassets */ = {isa = PBXFileReference; lastKnownFileType = folder.assetcatalog; path = Assets.xcassets; sourceTree = "<group>"; };
		AFC61D3D27DE13E2001D6F1E /* Base */ = {isa = PBXFileReference; lastKnownFileType = file.storyboard; name = Base; path = Base.lproj/LaunchScreen.storyboard; sourceTree = "<group>"; };
		AFC61D3F27DE13E2001D6F1E /* Info.plist */ = {isa = PBXFileReference; lastKnownFileType = text.plist.xml; path = Info.plist; sourceTree = "<group>"; };
		AFC61D4427DE13E2001D6F1E /* testProjectTests.xctest */ = {isa = PBXFileReference; explicitFileType = wrapper.cfbundle; includeInIndex = 0; path = testProjectTests.xctest; sourceTree = BUILT_PRODUCTS_DIR; };
		AFC61D4827DE13E2001D6F1E /* testProjectTests.swift */ = {isa = PBXFileReference; lastKnownFileType = sourcecode.swift; path = testProjectTests.swift; sourceTree = "<group>"; };
		AFC61D4E27DE13E2001D6F1E /* testProjectUITests.xctest */ = {isa = PBXFileReference; explicitFileType = wrapper.cfbundle; includeInIndex = 0; path = testProjectUITests.xctest; sourceTree = BUILT_PRODUCTS_DIR; };
		AFC61D5227DE13E2001D6F1E /* testProjectUITests.swift */ = {isa = PBXFileReference; lastKnownFileType = sourcecode.swift; path = testProjectUITests.swift; sourceTree = "<group>"; };
		AFC61D5427DE13E2001D6F1E /* testProjectUITestsLaunchTests.swift */ = {isa = PBXFileReference; lastKnownFileType = sourcecode.swift; path = testProjectUITestsLaunchTests.swift; sourceTree = "<group>"; };
		AFC61D6427DE1471001D6F1E /* Content.swift */ = {isa = PBXFileReference; fileEncoding = 4; lastKnownFileType = sourcecode.swift; path = Content.swift; sourceTree = "<group>"; };
		AFC61D6527DE1471001D6F1E /* Network.swift */ = {isa = PBXFileReference; fileEncoding = 4; lastKnownFileType = sourcecode.swift; path = Network.swift; sourceTree = "<group>"; };
		AFC61D6627DE1471001D6F1E /* RequestDataModel.swift */ = {isa = PBXFileReference; fileEncoding = 4; lastKnownFileType = sourcecode.swift; path = RequestDataModel.swift; sourceTree = "<group>"; };
		AFC61D6727DE1471001D6F1E /* DataSourse.swift */ = {isa = PBXFileReference; fileEncoding = 4; lastKnownFileType = sourcecode.swift; path = DataSourse.swift; sourceTree = "<group>"; };
		AFC61D6E27DE14F9001D6F1E /* PostTableViewCell.swift */ = {isa = PBXFileReference; lastKnownFileType = sourcecode.swift; path = PostTableViewCell.swift; sourceTree = "<group>"; };
		AFC61D6F27DE14F9001D6F1E /* PostTableViewCell.xib */ = {isa = PBXFileReference; lastKnownFileType = file.xib; path = PostTableViewCell.xib; sourceTree = "<group>"; };
		AFC61D7227DE157C001D6F1E /* PostViewController.swift */ = {isa = PBXFileReference; lastKnownFileType = sourcecode.swift; path = PostViewController.swift; sourceTree = "<group>"; };
		AFC61D7427DE24FB001D6F1E /* ViewController+Extension.swift */ = {isa = PBXFileReference; lastKnownFileType = sourcecode.swift; path = "ViewController+Extension.swift"; sourceTree = "<group>"; };
		AFC61D7627DE268A001D6F1E /* Globals.swift */ = {isa = PBXFileReference; lastKnownFileType = sourcecode.swift; path = Globals.swift; sourceTree = "<group>"; };
		AFC61D7927DE757D001D6F1E /* ImageTableViewCell.xib */ = {isa = PBXFileReference; lastKnownFileType = file.xib; path = ImageTableViewCell.xib; sourceTree = "<group>"; };
		AFC61D7C27DF1F76001D6F1E /* extension.swift */ = {isa = PBXFileReference; lastKnownFileType = sourcecode.swift; path = extension.swift; sourceTree = "<group>"; };
		AFC61D7E27DF25EF001D6F1E /* SelectSortViewController.swift */ = {isa = PBXFileReference; lastKnownFileType = sourcecode.swift; path = SelectSortViewController.swift; sourceTree = "<group>"; };
/* End PBXFileReference section */

/* Begin PBXFrameworksBuildPhase section */
		AFC61D2827DE13E0001D6F1E /* Frameworks */ = {
			isa = PBXFrameworksBuildPhase;
			buildActionMask = 2147483647;
			files = (
			);
			runOnlyForDeploymentPostprocessing = 0;
		};
		AFC61D4127DE13E2001D6F1E /* Frameworks */ = {
			isa = PBXFrameworksBuildPhase;
			buildActionMask = 2147483647;
			files = (
			);
			runOnlyForDeploymentPostprocessing = 0;
		};
		AFC61D4B27DE13E2001D6F1E /* Frameworks */ = {
			isa = PBXFrameworksBuildPhase;
			buildActionMask = 2147483647;
			files = (
			);
			runOnlyForDeploymentPostprocessing = 0;
		};
/* End PBXFrameworksBuildPhase section */

/* Begin PBXGroup section */
		AF4159CD27E2251200E17E9C /* ViewController */ = {
			isa = PBXGroup;
			children = (
				AFC61D3227DE13E0001D6F1E /* ViewController.swift */,
				AFC61D7427DE24FB001D6F1E /* ViewController+Extension.swift */,
			);
			path = ViewController;
			sourceTree = "<group>";
		};
		AF4159CE27E2252100E17E9C /* PostViewController */ = {
			isa = PBXGroup;
			children = (
				AFC61D7227DE157C001D6F1E /* PostViewController.swift */,
				AF4159C027DF994A00E17E9C /* PostViewController+extension.swift */,
			);
			path = PostViewController;
			sourceTree = "<group>";
		};
		AF4159CF27E2252E00E17E9C /* Custom */ = {
			isa = PBXGroup;
			children = (
				AFC61D6E27DE14F9001D6F1E /* PostTableViewCell.swift */,
				AF4159D127E2276100E17E9C /* DetailPostTableViewCell.swift */,
				AF4159D527E2280B00E17E9C /* ImagePostTableViewCell.swift */,
				AF4159DC27E2969F00E17E9C /* TitleTableViewCell.swift */,
			);
			path = Custom;
			sourceTree = "<group>";
		};
		AF4159D027E2254300E17E9C /* FilterViewController */ = {
			isa = PBXGroup;
			children = (
				AFC61D7E27DF25EF001D6F1E /* SelectSortViewController.swift */,
			);
			path = FilterViewController;
			sourceTree = "<group>";
		};
		AFC61D2227DE13E0001D6F1E = {
			isa = PBXGroup;
			children = (
				AF4159D927E23A9900E17E9C /* Почему не загружаются фотки(посмотрите).pages */,
				AFC61D2D27DE13E0001D6F1E /* testProject */,
				AFC61D4727DE13E2001D6F1E /* testProjectTests */,
				AFC61D5127DE13E2001D6F1E /* testProjectUITests */,
				AFC61D2C27DE13E0001D6F1E /* Products */,
			);
			sourceTree = "<group>";
		};
		AFC61D2C27DE13E0001D6F1E /* Products */ = {
			isa = PBXGroup;
			children = (
				AFC61D2B27DE13E0001D6F1E /* testProject.app */,
				AFC61D4427DE13E2001D6F1E /* testProjectTests.xctest */,
				AFC61D4E27DE13E2001D6F1E /* testProjectUITests.xctest */,
			);
			name = Products;
			sourceTree = "<group>";
		};
		AFC61D2D27DE13E0001D6F1E /* testProject */ = {
			isa = PBXGroup;
			children = (
				AFC61D2E27DE13E0001D6F1E /* AppDelegate.swift */,
				AFC61D3027DE13E0001D6F1E /* SceneDelegate.swift */,
				AFC61D7627DE268A001D6F1E /* Globals.swift */,
				AFC61D7C27DF1F76001D6F1E /* extension.swift */,
				AF4159CF27E2252E00E17E9C /* Custom */,
				AFC61D6327DE144F001D6F1E /* Model */,
				AFC61D6227DE1445001D6F1E /* ViewModel */,
				AFC61D6127DE143E001D6F1E /* View */,
				AFC61D3A27DE13E2001D6F1E /* Assets.xcassets */,
				AFC61D3C27DE13E2001D6F1E /* LaunchScreen.storyboard */,
				AFC61D3F27DE13E2001D6F1E /* Info.plist */,
				AFC61D3727DE13E0001D6F1E /* testProject.xcdatamodeld */,
			);
			path = testProject;
			sourceTree = "<group>";
		};
		AFC61D4727DE13E2001D6F1E /* testProjectTests */ = {
			isa = PBXGroup;
			children = (
				AFC61D4827DE13E2001D6F1E /* testProjectTests.swift */,
			);
			path = testProjectTests;
			sourceTree = "<group>";
		};
		AFC61D5127DE13E2001D6F1E /* testProjectUITests */ = {
			isa = PBXGroup;
			children = (
				AFC61D5227DE13E2001D6F1E /* testProjectUITests.swift */,
				AFC61D5427DE13E2001D6F1E /* testProjectUITestsLaunchTests.swift */,
			);
			path = testProjectUITests;
			sourceTree = "<group>";
		};
		AFC61D6127DE143E001D6F1E /* View */ = {
			isa = PBXGroup;
			children = (
				AFC61D3427DE13E0001D6F1E /* Main.storyboard */,
				AFC61D7927DE757D001D6F1E /* ImageTableViewCell.xib */,
				AFC61D6F27DE14F9001D6F1E /* PostTableViewCell.xib */,
				AF4159D227E2276100E17E9C /* DetailPostTableViewCell.xib */,
				AF4159D627E2280B00E17E9C /* ImagePostTableViewCell.xib */,
				AF4159DD27E2969F00E17E9C /* TitleTableViewCell.xib */,
			);
			path = View;
			sourceTree = "<group>";
		};
		AFC61D6227DE1445001D6F1E /* ViewModel */ = {
			isa = PBXGroup;
			children = (
				AF4159CE27E2252100E17E9C /* PostViewController */,
				AF4159CD27E2251200E17E9C /* ViewController */,
				AF4159D027E2254300E17E9C /* FilterViewController */,
			);
			path = ViewModel;
			sourceTree = "<group>";
		};
		AFC61D6327DE144F001D6F1E /* Model */ = {
			isa = PBXGroup;
			children = (
				AFC61D6427DE1471001D6F1E /* Content.swift */,
				AFC61D6727DE1471001D6F1E /* DataSourse.swift */,
				AFC61D6527DE1471001D6F1E /* Network.swift */,
				AFC61D6627DE1471001D6F1E /* RequestDataModel.swift */,
			);
			path = Model;
			sourceTree = "<group>";
		};
/* End PBXGroup section */

/* Begin PBXNativeTarget section */
		AFC61D2A27DE13E0001D6F1E /* testProject */ = {
			isa = PBXNativeTarget;
			buildConfigurationList = AFC61D5827DE13E2001D6F1E /* Build configuration list for PBXNativeTarget "testProject" */;
			buildPhases = (
				AFC61D2727DE13E0001D6F1E /* Sources */,
				AFC61D2827DE13E0001D6F1E /* Frameworks */,
				AFC61D2927DE13E0001D6F1E /* Resources */,
			);
			buildRules = (
			);
			dependencies = (
			);
			name = testProject;
			productName = testProject;
			productReference = AFC61D2B27DE13E0001D6F1E /* testProject.app */;
			productType = "com.apple.product-type.application";
		};
		AFC61D4327DE13E2001D6F1E /* testProjectTests */ = {
			isa = PBXNativeTarget;
			buildConfigurationList = AFC61D5B27DE13E2001D6F1E /* Build configuration list for PBXNativeTarget "testProjectTests" */;
			buildPhases = (
				AFC61D4027DE13E2001D6F1E /* Sources */,
				AFC61D4127DE13E2001D6F1E /* Frameworks */,
				AFC61D4227DE13E2001D6F1E /* Resources */,
			);
			buildRules = (
			);
			dependencies = (
				AFC61D4627DE13E2001D6F1E /* PBXTargetDependency */,
			);
			name = testProjectTests;
			productName = testProjectTests;
			productReference = AFC61D4427DE13E2001D6F1E /* testProjectTests.xctest */;
			productType = "com.apple.product-type.bundle.unit-test";
		};
		AFC61D4D27DE13E2001D6F1E /* testProjectUITests */ = {
			isa = PBXNativeTarget;
			buildConfigurationList = AFC61D5E27DE13E2001D6F1E /* Build configuration list for PBXNativeTarget "testProjectUITests" */;
			buildPhases = (
				AFC61D4A27DE13E2001D6F1E /* Sources */,
				AFC61D4B27DE13E2001D6F1E /* Frameworks */,
				AFC61D4C27DE13E2001D6F1E /* Resources */,
			);
			buildRules = (
			);
			dependencies = (
				AFC61D5027DE13E2001D6F1E /* PBXTargetDependency */,
			);
			name = testProjectUITests;
			productName = testProjectUITests;
			productReference = AFC61D4E27DE13E2001D6F1E /* testProjectUITests.xctest */;
			productType = "com.apple.product-type.bundle.ui-testing";
		};
/* End PBXNativeTarget section */

/* Begin PBXProject section */
		AFC61D2327DE13E0001D6F1E /* Project object */ = {
			isa = PBXProject;
			attributes = {
				BuildIndependentTargetsInParallel = 1;
				LastSwiftUpdateCheck = 1320;
				LastUpgradeCheck = 1320;
				TargetAttributes = {
					AFC61D2A27DE13E0001D6F1E = {
						CreatedOnToolsVersion = 13.2.1;
					};
					AFC61D4327DE13E2001D6F1E = {
						CreatedOnToolsVersion = 13.2.1;
						TestTargetID = AFC61D2A27DE13E0001D6F1E;
					};
					AFC61D4D27DE13E2001D6F1E = {
						CreatedOnToolsVersion = 13.2.1;
						TestTargetID = AFC61D2A27DE13E0001D6F1E;
					};
				};
			};
			buildConfigurationList = AFC61D2627DE13E0001D6F1E /* Build configuration list for PBXProject "testProject" */;
			compatibilityVersion = "Xcode 13.0";
			developmentRegion = en;
			hasScannedForEncodings = 0;
			knownRegions = (
				en,
				Base,
			);
			mainGroup = AFC61D2227DE13E0001D6F1E;
			productRefGroup = AFC61D2C27DE13E0001D6F1E /* Products */;
			projectDirPath = "";
			projectRoot = "";
			targets = (
				AFC61D2A27DE13E0001D6F1E /* testProject */,
				AFC61D4327DE13E2001D6F1E /* testProjectTests */,
				AFC61D4D27DE13E2001D6F1E /* testProjectUITests */,
			);
		};
/* End PBXProject section */

/* Begin PBXResourcesBuildPhase section */
		AFC61D2927DE13E0001D6F1E /* Resources */ = {
			isa = PBXResourcesBuildPhase;
			buildActionMask = 2147483647;
			files = (
				AF4159DA27E23A9900E17E9C /* Почему не загружаются фотки(посмотрите).pages in Resources */,
				AFC61D7B27DE757D001D6F1E /* ImageTableViewCell.xib in Resources */,
				AFC61D3E27DE13E2001D6F1E /* LaunchScreen.storyboard in Resources */,
				AF4159D427E2276100E17E9C /* DetailPostTableViewCell.xib in Resources */,
				AFC61D3B27DE13E2001D6F1E /* Assets.xcassets in Resources */,
				AF4159D827E2280B00E17E9C /* ImagePostTableViewCell.xib in Resources */,
				AF4159DF27E2969F00E17E9C /* TitleTableViewCell.xib in Resources */,
				AFC61D3627DE13E0001D6F1E /* Main.storyboard in Resources */,
				AFC61D7127DE14F9001D6F1E /* PostTableViewCell.xib in Resources */,
			);
			runOnlyForDeploymentPostprocessing = 0;
		};
		AFC61D4227DE13E2001D6F1E /* Resources */ = {
			isa = PBXResourcesBuildPhase;
			buildActionMask = 2147483647;
			files = (
			);
			runOnlyForDeploymentPostprocessing = 0;
		};
		AFC61D4C27DE13E2001D6F1E /* Resources */ = {
			isa = PBXResourcesBuildPhase;
			buildActionMask = 2147483647;
			files = (
			);
			runOnlyForDeploymentPostprocessing = 0;
		};
/* End PBXResourcesBuildPhase section */

/* Begin PBXSourcesBuildPhase section */
		AFC61D2727DE13E0001D6F1E /* Sources */ = {
			isa = PBXSourcesBuildPhase;
			buildActionMask = 2147483647;
			files = (
				AFC61D3327DE13E0001D6F1E /* ViewController.swift in Sources */,
				AF4159D727E2280B00E17E9C /* ImagePostTableViewCell.swift in Sources */,
				AFC61D7D27DF1F76001D6F1E /* extension.swift in Sources */,
				AF4159C127DF994A00E17E9C /* PostViewController+extension.swift in Sources */,
				AFC61D2F27DE13E0001D6F1E /* AppDelegate.swift in Sources */,
				AFC61D6927DE1471001D6F1E /* Network.swift in Sources */,
				AFC61D3127DE13E0001D6F1E /* SceneDelegate.swift in Sources */,
				AFC61D7327DE157C001D6F1E /* PostViewController.swift in Sources */,
				AFC61D6A27DE1471001D6F1E /* RequestDataModel.swift in Sources */,
				AFC61D6827DE1471001D6F1E /* Content.swift in Sources */,
				AFC61D6B27DE1471001D6F1E /* DataSourse.swift in Sources */,
				AFC61D7F27DF25EF001D6F1E /* SelectSortViewController.swift in Sources */,
				AFC61D7727DE268A001D6F1E /* Globals.swift in Sources */,
				AF4159D327E2276100E17E9C /* DetailPostTableViewCell.swift in Sources */,
				AFC61D7527DE24FB001D6F1E /* ViewController+Extension.swift in Sources */,
				AFC61D3927DE13E0001D6F1E /* testProject.xcdatamodeld in Sources */,
				AF4159DE27E2969F00E17E9C /* TitleTableViewCell.swift in Sources */,
				AFC61D7027DE14F9001D6F1E /* PostTableViewCell.swift in Sources */,
			);
			runOnlyForDeploymentPostprocessing = 0;
		};
		AFC61D4027DE13E2001D6F1E /* Sources */ = {
			isa = PBXSourcesBuildPhase;
			buildActionMask = 2147483647;
			files = (
				AFC61D4927DE13E2001D6F1E /* testProjectTests.swift in Sources */,
			);
			runOnlyForDeploymentPostprocessing = 0;
		};
		AFC61D4A27DE13E2001D6F1E /* Sources */ = {
			isa = PBXSourcesBuildPhase;
			buildActionMask = 2147483647;
			files = (
				AFC61D5527DE13E2001D6F1E /* testProjectUITestsLaunchTests.swift in Sources */,
				AFC61D5327DE13E2001D6F1E /* testProjectUITests.swift in Sources */,
			);
			runOnlyForDeploymentPostprocessing = 0;
		};
/* End PBXSourcesBuildPhase section */

/* Begin PBXTargetDependency section */
		AFC61D4627DE13E2001D6F1E /* PBXTargetDependency */ = {
			isa = PBXTargetDependency;
			target = AFC61D2A27DE13E0001D6F1E /* testProject */;
			targetProxy = AFC61D4527DE13E2001D6F1E /* PBXContainerItemProxy */;
		};
		AFC61D5027DE13E2001D6F1E /* PBXTargetDependency */ = {
			isa = PBXTargetDependency;
			target = AFC61D2A27DE13E0001D6F1E /* testProject */;
			targetProxy = AFC61D4F27DE13E2001D6F1E /* PBXContainerItemProxy */;
		};
/* End PBXTargetDependency section */

/* Begin PBXVariantGroup section */
		AFC61D3427DE13E0001D6F1E /* Main.storyboard */ = {
			isa = PBXVariantGroup;
			children = (
				AFC61D3527DE13E0001D6F1E /* Base */,
			);
			name = Main.storyboard;
			sourceTree = "<group>";
		};
		AFC61D3C27DE13E2001D6F1E /* LaunchScreen.storyboard */ = {
			isa = PBXVariantGroup;
			children = (
				AFC61D3D27DE13E2001D6F1E /* Base */,
			);
			name = LaunchScreen.storyboard;
			sourceTree = "<group>";
		};
/* End PBXVariantGroup section */

/* Begin XCBuildConfiguration section */
		AFC61D5627DE13E2001D6F1E /* Debug */ = {
			isa = XCBuildConfiguration;
			buildSettings = {
				ALWAYS_SEARCH_USER_PATHS = NO;
				CLANG_ANALYZER_NONNULL = YES;
				CLANG_ANALYZER_NUMBER_OBJECT_CONVERSION = YES_AGGRESSIVE;
				CLANG_CXX_LANGUAGE_STANDARD = "gnu++17";
				CLANG_CXX_LIBRARY = "libc++";
				CLANG_ENABLE_MODULES = YES;
				CLANG_ENABLE_OBJC_ARC = YES;
				CLANG_ENABLE_OBJC_WEAK = YES;
				CLANG_WARN_BLOCK_CAPTURE_AUTORELEASING = YES;
				CLANG_WARN_BOOL_CONVERSION = YES;
				CLANG_WARN_COMMA = YES;
				CLANG_WARN_CONSTANT_CONVERSION = YES;
				CLANG_WARN_DEPRECATED_OBJC_IMPLEMENTATIONS = YES;
				CLANG_WARN_DIRECT_OBJC_ISA_USAGE = YES_ERROR;
				CLANG_WARN_DOCUMENTATION_COMMENTS = YES;
				CLANG_WARN_EMPTY_BODY = YES;
				CLANG_WARN_ENUM_CONVERSION = YES;
				CLANG_WARN_INFINITE_RECURSION = YES;
				CLANG_WARN_INT_CONVERSION = YES;
				CLANG_WARN_NON_LITERAL_NULL_CONVERSION = YES;
				CLANG_WARN_OBJC_IMPLICIT_RETAIN_SELF = YES;
				CLANG_WARN_OBJC_LITERAL_CONVERSION = YES;
				CLANG_WARN_OBJC_ROOT_CLASS = YES_ERROR;
				CLANG_WARN_QUOTED_INCLUDE_IN_FRAMEWORK_HEADER = YES;
				CLANG_WARN_RANGE_LOOP_ANALYSIS = YES;
				CLANG_WARN_STRICT_PROTOTYPES = YES;
				CLANG_WARN_SUSPICIOUS_MOVE = YES;
				CLANG_WARN_UNGUARDED_AVAILABILITY = YES_AGGRESSIVE;
				CLANG_WARN_UNREACHABLE_CODE = YES;
				CLANG_WARN__DUPLICATE_METHOD_MATCH = YES;
				COPY_PHASE_STRIP = NO;
				DEBUG_INFORMATION_FORMAT = dwarf;
				ENABLE_STRICT_OBJC_MSGSEND = YES;
				ENABLE_TESTABILITY = YES;
				GCC_C_LANGUAGE_STANDARD = gnu11;
				GCC_DYNAMIC_NO_PIC = NO;
				GCC_NO_COMMON_BLOCKS = YES;
				GCC_OPTIMIZATION_LEVEL = 0;
				GCC_PREPROCESSOR_DEFINITIONS = (
					"DEBUG=1",
					"$(inherited)",
				);
				GCC_WARN_64_TO_32_BIT_CONVERSION = YES;
				GCC_WARN_ABOUT_RETURN_TYPE = YES_ERROR;
				GCC_WARN_UNDECLARED_SELECTOR = YES;
				GCC_WARN_UNINITIALIZED_AUTOS = YES_AGGRESSIVE;
				GCC_WARN_UNUSED_FUNCTION = YES;
				GCC_WARN_UNUSED_VARIABLE = YES;
				IPHONEOS_DEPLOYMENT_TARGET = 15.2;
				MTL_ENABLE_DEBUG_INFO = INCLUDE_SOURCE;
				MTL_FAST_MATH = YES;
				ONLY_ACTIVE_ARCH = YES;
				SDKROOT = iphoneos;
				SWIFT_ACTIVE_COMPILATION_CONDITIONS = DEBUG;
				SWIFT_OPTIMIZATION_LEVEL = "-Onone";
			};
			name = Debug;
		};
		AFC61D5727DE13E2001D6F1E /* Release */ = {
			isa = XCBuildConfiguration;
			buildSettings = {
				ALWAYS_SEARCH_USER_PATHS = NO;
				CLANG_ANALYZER_NONNULL = YES;
				CLANG_ANALYZER_NUMBER_OBJECT_CONVERSION = YES_AGGRESSIVE;
				CLANG_CXX_LANGUAGE_STANDARD = "gnu++17";
				CLANG_CXX_LIBRARY = "libc++";
				CLANG_ENABLE_MODULES = YES;
				CLANG_ENABLE_OBJC_ARC = YES;
				CLANG_ENABLE_OBJC_WEAK = YES;
				CLANG_WARN_BLOCK_CAPTURE_AUTORELEASING = YES;
				CLANG_WARN_BOOL_CONVERSION = YES;
				CLANG_WARN_COMMA = YES;
				CLANG_WARN_CONSTANT_CONVERSION = YES;
				CLANG_WARN_DEPRECATED_OBJC_IMPLEMENTATIONS = YES;
				CLANG_WARN_DIRECT_OBJC_ISA_USAGE = YES_ERROR;
				CLANG_WARN_DOCUMENTATION_COMMENTS = YES;
				CLANG_WARN_EMPTY_BODY = YES;
				CLANG_WARN_ENUM_CONVERSION = YES;
				CLANG_WARN_INFINITE_RECURSION = YES;
				CLANG_WARN_INT_CONVERSION = YES;
				CLANG_WARN_NON_LITERAL_NULL_CONVERSION = YES;
				CLANG_WARN_OBJC_IMPLICIT_RETAIN_SELF = YES;
				CLANG_WARN_OBJC_LITERAL_CONVERSION = YES;
				CLANG_WARN_OBJC_ROOT_CLASS = YES_ERROR;
				CLANG_WARN_QUOTED_INCLUDE_IN_FRAMEWORK_HEADER = YES;
				CLANG_WARN_RANGE_LOOP_ANALYSIS = YES;
				CLANG_WARN_STRICT_PROTOTYPES = YES;
				CLANG_WARN_SUSPICIOUS_MOVE = YES;
				CLANG_WARN_UNGUARDED_AVAILABILITY = YES_AGGRESSIVE;
				CLANG_WARN_UNREACHABLE_CODE = YES;
				CLANG_WARN__DUPLICATE_METHOD_MATCH = YES;
				COPY_PHASE_STRIP = NO;
				DEBUG_INFORMATION_FORMAT = "dwarf-with-dsym";
				ENABLE_NS_ASSERTIONS = NO;
				ENABLE_STRICT_OBJC_MSGSEND = YES;
				GCC_C_LANGUAGE_STANDARD = gnu11;
				GCC_NO_COMMON_BLOCKS = YES;
				GCC_WARN_64_TO_32_BIT_CONVERSION = YES;
				GCC_WARN_ABOUT_RETURN_TYPE = YES_ERROR;
				GCC_WARN_UNDECLARED_SELECTOR = YES;
				GCC_WARN_UNINITIALIZED_AUTOS = YES_AGGRESSIVE;
				GCC_WARN_UNUSED_FUNCTION = YES;
				GCC_WARN_UNUSED_VARIABLE = YES;
				IPHONEOS_DEPLOYMENT_TARGET = 15.2;
				MTL_ENABLE_DEBUG_INFO = NO;
				MTL_FAST_MATH = YES;
				SDKROOT = iphoneos;
				SWIFT_COMPILATION_MODE = wholemodule;
				SWIFT_OPTIMIZATION_LEVEL = "-O";
				VALIDATE_PRODUCT = YES;
			};
			name = Release;
		};
		AFC61D5927DE13E2001D6F1E /* Debug */ = {
			isa = XCBuildConfiguration;
			buildSettings = {
				ASSETCATALOG_COMPILER_APPICON_NAME = AppIcon;
				ASSETCATALOG_COMPILER_GLOBAL_ACCENT_COLOR_NAME = AccentColor;
				CODE_SIGN_STYLE = Automatic;
				CURRENT_PROJECT_VERSION = 1;
				DEVELOPMENT_TEAM = Q2MLBR5MF6;
				GENERATE_INFOPLIST_FILE = YES;
				INFOPLIST_FILE = testProject/Info.plist;
				INFOPLIST_KEY_UIApplicationSupportsIndirectInputEvents = YES;
				INFOPLIST_KEY_UILaunchStoryboardName = LaunchScreen;
				INFOPLIST_KEY_UIMainStoryboardFile = Main;
				INFOPLIST_KEY_UISupportedInterfaceOrientations = UIInterfaceOrientationPortrait;
				INFOPLIST_KEY_UISupportedInterfaceOrientations_iPad = "UIInterfaceOrientationPortrait UIInterfaceOrientationPortraitUpsideDown UIInterfaceOrientationLandscapeLeft UIInterfaceOrientationLandscapeRight";
				INFOPLIST_KEY_UISupportedInterfaceOrientations_iPhone = "UIInterfaceOrientationPortrait UIInterfaceOrientationLandscapeLeft UIInterfaceOrientationLandscapeRight";
				IPHONEOS_DEPLOYMENT_TARGET = 13.0;
				LD_RUNPATH_SEARCH_PATHS = (
					"$(inherited)",
					"@executable_path/Frameworks",
				);
				MARKETING_VERSION = 1.0;
				PRODUCT_BUNDLE_IDENTIFIER = com.Vashchenya.Volodymyr.testProject;
				PRODUCT_NAME = "$(TARGET_NAME)";
				SWIFT_EMIT_LOC_STRINGS = YES;
				SWIFT_VERSION = 5.0;
				TARGETED_DEVICE_FAMILY = "1,2";
			};
			name = Debug;
		};
		AFC61D5A27DE13E2001D6F1E /* Release */ = {
			isa = XCBuildConfiguration;
			buildSettings = {
				ASSETCATALOG_COMPILER_APPICON_NAME = AppIcon;
				ASSETCATALOG_COMPILER_GLOBAL_ACCENT_COLOR_NAME = AccentColor;
				CODE_SIGN_STYLE = Automatic;
				CURRENT_PROJECT_VERSION = 1;
				DEVELOPMENT_TEAM = Q2MLBR5MF6;
				GENERATE_INFOPLIST_FILE = YES;
				INFOPLIST_FILE = testProject/Info.plist;
				INFOPLIST_KEY_UIApplicationSupportsIndirectInputEvents = YES;
				INFOPLIST_KEY_UILaunchStoryboardName = LaunchScreen;
				INFOPLIST_KEY_UIMainStoryboardFile = Main;
				INFOPLIST_KEY_UISupportedInterfaceOrientations = UIInterfaceOrientationPortrait;
				INFOPLIST_KEY_UISupportedInterfaceOrientations_iPad = "UIInterfaceOrientationPortrait UIInterfaceOrientationPortraitUpsideDown UIInterfaceOrientationLandscapeLeft UIInterfaceOrientationLandscapeRight";
				INFOPLIST_KEY_UISupportedInterfaceOrientations_iPhone = "UIInterfaceOrientationPortrait UIInterfaceOrientationLandscapeLeft UIInterfaceOrientationLandscapeRight";
				IPHONEOS_DEPLOYMENT_TARGET = 13.0;
				LD_RUNPATH_SEARCH_PATHS = (
					"$(inherited)",
					"@executable_path/Frameworks",
				);
				MARKETING_VERSION = 1.0;
				PRODUCT_BUNDLE_IDENTIFIER = com.Vashchenya.Volodymyr.testProject;
				PRODUCT_NAME = "$(TARGET_NAME)";
				SWIFT_EMIT_LOC_STRINGS = YES;
				SWIFT_VERSION = 5.0;
				TARGETED_DEVICE_FAMILY = "1,2";
			};
			name = Release;
		};
		AFC61D5C27DE13E2001D6F1E /* Debug */ = {
			isa = XCBuildConfiguration;
			buildSettings = {
				ALWAYS_EMBED_SWIFT_STANDARD_LIBRARIES = YES;
				BUNDLE_LOADER = "$(TEST_HOST)";
				CODE_SIGN_STYLE = Automatic;
				CURRENT_PROJECT_VERSION = 1;
				DEVELOPMENT_TEAM = Q2MLBR5MF6;
				GENERATE_INFOPLIST_FILE = YES;
				IPHONEOS_DEPLOYMENT_TARGET = 15.2;
				MARKETING_VERSION = 1.0;
				PRODUCT_BUNDLE_IDENTIFIER = com.Vashchenya.Volodymyr.testProjectTests;
				PRODUCT_NAME = "$(TARGET_NAME)";
				SWIFT_EMIT_LOC_STRINGS = NO;
				SWIFT_VERSION = 5.0;
				TARGETED_DEVICE_FAMILY = "1,2";
				TEST_HOST = "$(BUILT_PRODUCTS_DIR)/testProject.app/testProject";
			};
			name = Debug;
		};
		AFC61D5D27DE13E2001D6F1E /* Release */ = {
			isa = XCBuildConfiguration;
			buildSettings = {
				ALWAYS_EMBED_SWIFT_STANDARD_LIBRARIES = YES;
				BUNDLE_LOADER = "$(TEST_HOST)";
				CODE_SIGN_STYLE = Automatic;
				CURRENT_PROJECT_VERSION = 1;
				DEVELOPMENT_TEAM = Q2MLBR5MF6;
				GENERATE_INFOPLIST_FILE = YES;
				IPHONEOS_DEPLOYMENT_TARGET = 15.2;
				MARKETING_VERSION = 1.0;
				PRODUCT_BUNDLE_IDENTIFIER = com.Vashchenya.Volodymyr.testProjectTests;
				PRODUCT_NAME = "$(TARGET_NAME)";
				SWIFT_EMIT_LOC_STRINGS = NO;
				SWIFT_VERSION = 5.0;
				TARGETED_DEVICE_FAMILY = "1,2";
				TEST_HOST = "$(BUILT_PRODUCTS_DIR)/testProject.app/testProject";
			};
			name = Release;
		};
		AFC61D5F27DE13E2001D6F1E /* Debug */ = {
			isa = XCBuildConfiguration;
			buildSettings = {
				ALWAYS_EMBED_SWIFT_STANDARD_LIBRARIES = YES;
				CODE_SIGN_STYLE = Automatic;
				CURRENT_PROJECT_VERSION = 1;
				DEVELOPMENT_TEAM = Q2MLBR5MF6;
				GENERATE_INFOPLIST_FILE = YES;
				MARKETING_VERSION = 1.0;
				PRODUCT_BUNDLE_IDENTIFIER = com.Vashchenya.Volodymyr.testProjectUITests;
				PRODUCT_NAME = "$(TARGET_NAME)";
				SWIFT_EMIT_LOC_STRINGS = NO;
				SWIFT_VERSION = 5.0;
				TARGETED_DEVICE_FAMILY = "1,2";
				TEST_TARGET_NAME = testProject;
			};
			name = Debug;
		};
		AFC61D6027DE13E2001D6F1E /* Release */ = {
			isa = XCBuildConfiguration;
			buildSettings = {
				ALWAYS_EMBED_SWIFT_STANDARD_LIBRARIES = YES;
				CODE_SIGN_STYLE = Automatic;
				CURRENT_PROJECT_VERSION = 1;
				DEVELOPMENT_TEAM = Q2MLBR5MF6;
				GENERATE_INFOPLIST_FILE = YES;
				MARKETING_VERSION = 1.0;
				PRODUCT_BUNDLE_IDENTIFIER = com.Vashchenya.Volodymyr.testProjectUITests;
				PRODUCT_NAME = "$(TARGET_NAME)";
				SWIFT_EMIT_LOC_STRINGS = NO;
				SWIFT_VERSION = 5.0;
				TARGETED_DEVICE_FAMILY = "1,2";
				TEST_TARGET_NAME = testProject;
			};
			name = Release;
		};
/* End XCBuildConfiguration section */

/* Begin XCConfigurationList section */
		AFC61D2627DE13E0001D6F1E /* Build configuration list for PBXProject "testProject" */ = {
			isa = XCConfigurationList;
			buildConfigurations = (
				AFC61D5627DE13E2001D6F1E /* Debug */,
				AFC61D5727DE13E2001D6F1E /* Release */,
			);
			defaultConfigurationIsVisible = 0;
			defaultConfigurationName = Release;
		};
		AFC61D5827DE13E2001D6F1E /* Build configuration list for PBXNativeTarget "testProject" */ = {
			isa = XCConfigurationList;
			buildConfigurations = (
				AFC61D5927DE13E2001D6F1E /* Debug */,
				AFC61D5A27DE13E2001D6F1E /* Release */,
			);
			defaultConfigurationIsVisible = 0;
			defaultConfigurationName = Release;
		};
		AFC61D5B27DE13E2001D6F1E /* Build configuration list for PBXNativeTarget "testProjectTests" */ = {
			isa = XCConfigurationList;
			buildConfigurations = (
				AFC61D5C27DE13E2001D6F1E /* Debug */,
				AFC61D5D27DE13E2001D6F1E /* Release */,
			);
			defaultConfigurationIsVisible = 0;
			defaultConfigurationName = Release;
		};
		AFC61D5E27DE13E2001D6F1E /* Build configuration list for PBXNativeTarget "testProjectUITests" */ = {
			isa = XCConfigurationList;
			buildConfigurations = (
				AFC61D5F27DE13E2001D6F1E /* Debug */,
				AFC61D6027DE13E2001D6F1E /* Release */,
			);
			defaultConfigurationIsVisible = 0;
			defaultConfigurationName = Release;
		};
/* End XCConfigurationList section */

/* Begin XCVersionGroup section */
		AFC61D3727DE13E0001D6F1E /* testProject.xcdatamodeld */ = {
			isa = XCVersionGroup;
			children = (
				AFC61D3827DE13E0001D6F1E /* testProject.xcdatamodel */,
			);
			currentVersion = AFC61D3827DE13E0001D6F1E /* testProject.xcdatamodel */;
			path = testProject.xcdatamodeld;
			sourceTree = "<group>";
			versionGroupType = wrapper.xcdatamodel;
		};
/* End XCVersionGroup section */
	};
	rootObject = AFC61D2327DE13E0001D6F1E /* Project object */;
}
